// !$*UTF8*$!
{
	archiveVersion = 1;
	classes = {
	};
	objectVersion = 51;
	objects = {

/* Begin PBXBuildFile section */
		14364F892645ACFE0093F9C9 /* AppDelegate.swift in Sources */ = {isa = PBXBuildFile; fileRef = 14364F882645ACFE0093F9C9 /* AppDelegate.swift */; };
		14364F8B2645ACFE0093F9C9 /* SceneDelegate.swift in Sources */ = {isa = PBXBuildFile; fileRef = 14364F8A2645ACFE0093F9C9 /* SceneDelegate.swift */; };
		14364F8D2645ACFE0093F9C9 /* MainView.swift in Sources */ = {isa = PBXBuildFile; fileRef = 14364F8C2645ACFE0093F9C9 /* MainView.swift */; };
		14364F8F2645AD000093F9C9 /* Assets.xcassets in Resources */ = {isa = PBXBuildFile; fileRef = 14364F8E2645AD000093F9C9 /* Assets.xcassets */; };
		14364F922645AD000093F9C9 /* Preview Assets.xcassets in Resources */ = {isa = PBXBuildFile; fileRef = 14364F912645AD000093F9C9 /* Preview Assets.xcassets */; };
		14364F952645AD000093F9C9 /* LaunchScreen.storyboard in Resources */ = {isa = PBXBuildFile; fileRef = 14364F932645AD000093F9C9 /* LaunchScreen.storyboard */; };
		14364FB92645AF020093F9C9 /* Network.swift in Sources */ = {isa = PBXBuildFile; fileRef = 14364FB82645AF020093F9C9 /* Network.swift */; };
		14364FC126468ABE0093F9C9 /* Api.plist in Resources */ = {isa = PBXBuildFile; fileRef = 14364FC026468ABE0093F9C9 /* Api.plist */; };
		14364FC626468DF60093F9C9 /* ApiKey.swift in Sources */ = {isa = PBXBuildFile; fileRef = 14364FC526468DF60093F9C9 /* ApiKey.swift */; };
		14868F7C26482235006557E8 /* NewsRequest22.swift in Sources */ = {isa = PBXBuildFile; fileRef = 14868F7B26482235006557E8 /* NewsRequest22.swift */; };
		14868F7E264826DE006557E8 /* Config.swift in Sources */ = {isa = PBXBuildFile; fileRef = 14868F7D264826DE006557E8 /* Config.swift */; };
		AE2C2A361CF1ACB3C7D4D3CD /* Pods_PetHouse.framework in Frameworks */ = {isa = PBXBuildFile; fileRef = 690227E5AB05C8E2EB635DCD /* Pods_PetHouse.framework */; };
		CE58C628269B507000DA1CA0 /* MainViewModel.swift in Sources */ = {isa = PBXBuildFile; fileRef = CE58C627269B507000DA1CA0 /* MainViewModel.swift */; };
		CE58C62E269B512600DA1CA0 /* NewsView.swift in Sources */ = {isa = PBXBuildFile; fileRef = CE58C62D269B512600DA1CA0 /* NewsView.swift */; };
		CE58C630269B51C800DA1CA0 /* NewsViewModel.swift in Sources */ = {isa = PBXBuildFile; fileRef = CE58C62F269B51C800DA1CA0 /* NewsViewModel.swift */; };
		CE58C633269B538A00DA1CA0 /* News.swift in Sources */ = {isa = PBXBuildFile; fileRef = CE58C632269B538A00DA1CA0 /* News.swift */; };
		CE58C635269B546F00DA1CA0 /* CoreNetwork.swift in Sources */ = {isa = PBXBuildFile; fileRef = CE58C634269B546F00DA1CA0 /* CoreNetwork.swift */; };
		CE81F404269B5DF60086C1F4 /* NewsDataProvider.swift in Sources */ = {isa = PBXBuildFile; fileRef = CE81F403269B5DF60086C1F4 /* NewsDataProvider.swift */; };
		CE81F408269B6A1F0086C1F4 /* URL+Query.swift in Sources */ = {isa = PBXBuildFile; fileRef = CE81F407269B6A1F0086C1F4 /* URL+Query.swift */; };
		CE81F40D269B8F330086C1F4 /* ArticleCell.swift in Sources */ = {isa = PBXBuildFile; fileRef = CE81F40C269B8F330086C1F4 /* ArticleCell.swift */; };
		CE81F40F269B90480086C1F4 /* String+URL.swift in Sources */ = {isa = PBXBuildFile; fileRef = CE81F40E269B90480086C1F4 /* String+URL.swift */; };
		CED8C175269B566800A6297B /* NewsRequest.swift in Sources */ = {isa = PBXBuildFile; fileRef = CED8C174269B566800A6297B /* NewsRequest.swift */; };
		CED8C177269B568300A6297B /* RequestProtocol.swift in Sources */ = {isa = PBXBuildFile; fileRef = CED8C176269B568300A6297B /* RequestProtocol.swift */; };
/* End PBXBuildFile section */

/* Begin PBXFileReference section */
		14364F852645ACFD0093F9C9 /* PetHouse.app */ = {isa = PBXFileReference; explicitFileType = wrapper.application; includeInIndex = 0; path = PetHouse.app; sourceTree = BUILT_PRODUCTS_DIR; };
		14364F882645ACFE0093F9C9 /* AppDelegate.swift */ = {isa = PBXFileReference; lastKnownFileType = sourcecode.swift; path = AppDelegate.swift; sourceTree = "<group>"; };
		14364F8A2645ACFE0093F9C9 /* SceneDelegate.swift */ = {isa = PBXFileReference; lastKnownFileType = sourcecode.swift; path = SceneDelegate.swift; sourceTree = "<group>"; };
		14364F8C2645ACFE0093F9C9 /* MainView.swift */ = {isa = PBXFileReference; lastKnownFileType = sourcecode.swift; path = MainView.swift; sourceTree = "<group>"; };
		14364F8E2645AD000093F9C9 /* Assets.xcassets */ = {isa = PBXFileReference; lastKnownFileType = folder.assetcatalog; path = Assets.xcassets; sourceTree = "<group>"; };
		14364F912645AD000093F9C9 /* Preview Assets.xcassets */ = {isa = PBXFileReference; lastKnownFileType = folder.assetcatalog; path = "Preview Assets.xcassets"; sourceTree = "<group>"; };
		14364F942645AD000093F9C9 /* Base */ = {isa = PBXFileReference; lastKnownFileType = file.storyboard; name = Base; path = Base.lproj/LaunchScreen.storyboard; sourceTree = "<group>"; };
		14364F962645AD000093F9C9 /* Info.plist */ = {isa = PBXFileReference; lastKnownFileType = text.plist.xml; path = Info.plist; sourceTree = "<group>"; };
		14364FB82645AF020093F9C9 /* Network.swift */ = {isa = PBXFileReference; lastKnownFileType = sourcecode.swift; path = Network.swift; sourceTree = "<group>"; };
		14364FC026468ABE0093F9C9 /* Api.plist */ = {isa = PBXFileReference; lastKnownFileType = text.plist.xml; path = Api.plist; sourceTree = "<group>"; };
		14364FC526468DF60093F9C9 /* ApiKey.swift */ = {isa = PBXFileReference; lastKnownFileType = sourcecode.swift; path = ApiKey.swift; sourceTree = "<group>"; };
		14868F7B26482235006557E8 /* NewsRequest22.swift */ = {isa = PBXFileReference; lastKnownFileType = sourcecode.swift; path = NewsRequest22.swift; sourceTree = "<group>"; };
		14868F7D264826DE006557E8 /* Config.swift */ = {isa = PBXFileReference; lastKnownFileType = sourcecode.swift; path = Config.swift; sourceTree = "<group>"; };
		23237066B2D342C8E9BFAF5A /* Pods-PetHouse.debug.xcconfig */ = {isa = PBXFileReference; includeInIndex = 1; lastKnownFileType = text.xcconfig; name = "Pods-PetHouse.debug.xcconfig"; path = "Target Support Files/Pods-PetHouse/Pods-PetHouse.debug.xcconfig"; sourceTree = "<group>"; };
		62165E957294C12BBA7186A5 /* Pods-PetHouse.release.xcconfig */ = {isa = PBXFileReference; includeInIndex = 1; lastKnownFileType = text.xcconfig; name = "Pods-PetHouse.release.xcconfig"; path = "Target Support Files/Pods-PetHouse/Pods-PetHouse.release.xcconfig"; sourceTree = "<group>"; };
		690227E5AB05C8E2EB635DCD /* Pods_PetHouse.framework */ = {isa = PBXFileReference; explicitFileType = wrapper.framework; includeInIndex = 0; path = Pods_PetHouse.framework; sourceTree = BUILT_PRODUCTS_DIR; };
		73691FE8D23BDC468827EFA4 /* Pods-PetHouseTests.debug.xcconfig */ = {isa = PBXFileReference; includeInIndex = 1; lastKnownFileType = text.xcconfig; name = "Pods-PetHouseTests.debug.xcconfig"; path = "Target Support Files/Pods-PetHouseTests/Pods-PetHouseTests.debug.xcconfig"; sourceTree = "<group>"; };
		96E8D941F7E44DBF2908AAE0 /* Pods-PetHouse-PetHouseUITests.debug.xcconfig */ = {isa = PBXFileReference; includeInIndex = 1; lastKnownFileType = text.xcconfig; name = "Pods-PetHouse-PetHouseUITests.debug.xcconfig"; path = "Target Support Files/Pods-PetHouse-PetHouseUITests/Pods-PetHouse-PetHouseUITests.debug.xcconfig"; sourceTree = "<group>"; };
		B4E750CEED515D45346A8CA2 /* Pods_PetHouse_PetHouseUITests.framework */ = {isa = PBXFileReference; explicitFileType = wrapper.framework; includeInIndex = 0; path = Pods_PetHouse_PetHouseUITests.framework; sourceTree = BUILT_PRODUCTS_DIR; };
		C6D3919E16747133E208B1FF /* Pods-PetHouseTests.release.xcconfig */ = {isa = PBXFileReference; includeInIndex = 1; lastKnownFileType = text.xcconfig; name = "Pods-PetHouseTests.release.xcconfig"; path = "Target Support Files/Pods-PetHouseTests/Pods-PetHouseTests.release.xcconfig"; sourceTree = "<group>"; };
		CE58C627269B507000DA1CA0 /* MainViewModel.swift */ = {isa = PBXFileReference; lastKnownFileType = sourcecode.swift; path = MainViewModel.swift; sourceTree = "<group>"; };
		CE58C62D269B512600DA1CA0 /* NewsView.swift */ = {isa = PBXFileReference; lastKnownFileType = sourcecode.swift; path = NewsView.swift; sourceTree = "<group>"; };
		CE58C62F269B51C800DA1CA0 /* NewsViewModel.swift */ = {isa = PBXFileReference; lastKnownFileType = sourcecode.swift; path = NewsViewModel.swift; sourceTree = "<group>"; };
		CE58C632269B538A00DA1CA0 /* News.swift */ = {isa = PBXFileReference; lastKnownFileType = sourcecode.swift; path = News.swift; sourceTree = "<group>"; };
		CE58C634269B546F00DA1CA0 /* CoreNetwork.swift */ = {isa = PBXFileReference; lastKnownFileType = sourcecode.swift; path = CoreNetwork.swift; sourceTree = "<group>"; };
		CE81F403269B5DF60086C1F4 /* NewsDataProvider.swift */ = {isa = PBXFileReference; lastKnownFileType = sourcecode.swift; path = NewsDataProvider.swift; sourceTree = "<group>"; };
		CE81F407269B6A1F0086C1F4 /* URL+Query.swift */ = {isa = PBXFileReference; lastKnownFileType = sourcecode.swift; path = "URL+Query.swift"; sourceTree = "<group>"; };
		CE81F40C269B8F330086C1F4 /* ArticleCell.swift */ = {isa = PBXFileReference; lastKnownFileType = sourcecode.swift; path = ArticleCell.swift; sourceTree = "<group>"; };
		CE81F40E269B90480086C1F4 /* String+URL.swift */ = {isa = PBXFileReference; lastKnownFileType = sourcecode.swift; path = "String+URL.swift"; sourceTree = "<group>"; };
		CED8C174269B566800A6297B /* NewsRequest.swift */ = {isa = PBXFileReference; lastKnownFileType = sourcecode.swift; path = NewsRequest.swift; sourceTree = "<group>"; };
		CED8C176269B568300A6297B /* RequestProtocol.swift */ = {isa = PBXFileReference; lastKnownFileType = sourcecode.swift; path = RequestProtocol.swift; sourceTree = "<group>"; };
		D46030A1E4F37DC757223D4A /* Pods_PetHouseTests.framework */ = {isa = PBXFileReference; explicitFileType = wrapper.framework; includeInIndex = 0; path = Pods_PetHouseTests.framework; sourceTree = BUILT_PRODUCTS_DIR; };
		F7681293A2077DC414893D5C /* Pods-PetHouse-PetHouseUITests.release.xcconfig */ = {isa = PBXFileReference; includeInIndex = 1; lastKnownFileType = text.xcconfig; name = "Pods-PetHouse-PetHouseUITests.release.xcconfig"; path = "Target Support Files/Pods-PetHouse-PetHouseUITests/Pods-PetHouse-PetHouseUITests.release.xcconfig"; sourceTree = "<group>"; };
/* End PBXFileReference section */

/* Begin PBXFrameworksBuildPhase section */
		14364F822645ACFD0093F9C9 /* Frameworks */ = {
			isa = PBXFrameworksBuildPhase;
			buildActionMask = 2147483647;
			files = (
				AE2C2A361CF1ACB3C7D4D3CD /* Pods_PetHouse.framework in Frameworks */,
			);
			runOnlyForDeploymentPostprocessing = 0;
		};
/* End PBXFrameworksBuildPhase section */

/* Begin PBXGroup section */
		14364F7C2645ACFD0093F9C9 = {
			isa = PBXGroup;
			children = (
				14364F872645ACFD0093F9C9 /* PetHouse */,
				14364F862645ACFD0093F9C9 /* Products */,
				81C4BCDEA4DEFF22C91BAFD4 /* Pods */,
				654598D46055AB74BB73964E /* Frameworks */,
			);
			sourceTree = "<group>";
		};
		14364F862645ACFD0093F9C9 /* Products */ = {
			isa = PBXGroup;
			children = (
				14364F852645ACFD0093F9C9 /* PetHouse.app */,
			);
			name = Products;
			sourceTree = "<group>";
		};
		14364F872645ACFD0093F9C9 /* PetHouse */ = {
			isa = PBXGroup;
			children = (
				14364FBB26467BBA0093F9C9 /* App */,
				14364FBA26467BA80093F9C9 /* Source */,
			);
			path = PetHouse;
			sourceTree = "<group>";
		};
		14364F902645AD000093F9C9 /* Preview Content */ = {
			isa = PBXGroup;
			children = (
				14364F912645AD000093F9C9 /* Preview Assets.xcassets */,
			);
			path = "Preview Content";
			sourceTree = "<group>";
		};
		14364FBA26467BA80093F9C9 /* Source */ = {
			isa = PBXGroup;
			children = (
				CE81F405269B6A070086C1F4 /* Base */,
				CE58C629269B50F300DA1CA0 /* Presentation */,
				14364FBD26467C020093F9C9 /* Services */,
			);
			path = Source;
			sourceTree = "<group>";
		};
		14364FBB26467BBA0093F9C9 /* App */ = {
			isa = PBXGroup;
			children = (
				14364FBF264689AF0093F9C9 /* Resources */,
				14364FBE2646899D0093F9C9 /* Config */,
				14364F882645ACFE0093F9C9 /* AppDelegate.swift */,
				14364F8A2645ACFE0093F9C9 /* SceneDelegate.swift */,
				14364F932645AD000093F9C9 /* LaunchScreen.storyboard */,
			);
			path = App;
			sourceTree = "<group>";
		};
		14364FBC26467BC60093F9C9 /* Main */ = {
			isa = PBXGroup;
			children = (
				14364FC426468DE70093F9C9 /* View */,
				14364FC326468DE20093F9C9 /* Model */,
			);
			path = Main;
			sourceTree = "<group>";
		};
		14364FBD26467C020093F9C9 /* Services */ = {
			isa = PBXGroup;
			children = (
				CE81F402269B5DDD0086C1F4 /* DataProvider */,
				CE58C626269B503100DA1CA0 /* Networking */,
			);
			path = Services;
			sourceTree = "<group>";
		};
		14364FBE2646899D0093F9C9 /* Config */ = {
			isa = PBXGroup;
			children = (
				14364F962645AD000093F9C9 /* Info.plist */,
				14364FC026468ABE0093F9C9 /* Api.plist */,
				14868F7D264826DE006557E8 /* Config.swift */,
			);
			path = Config;
			sourceTree = "<group>";
		};
		14364FBF264689AF0093F9C9 /* Resources */ = {
			isa = PBXGroup;
			children = (
				14364F902645AD000093F9C9 /* Preview Content */,
				14364F8E2645AD000093F9C9 /* Assets.xcassets */,
			);
			path = Resources;
			sourceTree = "<group>";
		};
		14364FC326468DE20093F9C9 /* Model */ = {
			isa = PBXGroup;
			children = (
				CE58C627269B507000DA1CA0 /* MainViewModel.swift */,
			);
			path = Model;
			sourceTree = "<group>";
		};
		14364FC426468DE70093F9C9 /* View */ = {
			isa = PBXGroup;
			children = (
				14364F8C2645ACFE0093F9C9 /* MainView.swift */,
			);
			path = View;
			sourceTree = "<group>";
		};
		14868F7A26482202006557E8 /* Models */ = {
			isa = PBXGroup;
			children = (
				CED8C173269B562D00A6297B /* Requests */,
				CE58C631269B537B00DA1CA0 /* News */,
				14364FC526468DF60093F9C9 /* ApiKey.swift */,
				14868F7B26482235006557E8 /* NewsRequest22.swift */,
			);
			path = Models;
			sourceTree = "<group>";
		};
		654598D46055AB74BB73964E /* Frameworks */ = {
			isa = PBXGroup;
			children = (
				690227E5AB05C8E2EB635DCD /* Pods_PetHouse.framework */,
				B4E750CEED515D45346A8CA2 /* Pods_PetHouse_PetHouseUITests.framework */,
				D46030A1E4F37DC757223D4A /* Pods_PetHouseTests.framework */,
			);
			name = Frameworks;
			sourceTree = "<group>";
		};
		81C4BCDEA4DEFF22C91BAFD4 /* Pods */ = {
			isa = PBXGroup;
			children = (
				23237066B2D342C8E9BFAF5A /* Pods-PetHouse.debug.xcconfig */,
				62165E957294C12BBA7186A5 /* Pods-PetHouse.release.xcconfig */,
				96E8D941F7E44DBF2908AAE0 /* Pods-PetHouse-PetHouseUITests.debug.xcconfig */,
				F7681293A2077DC414893D5C /* Pods-PetHouse-PetHouseUITests.release.xcconfig */,
				73691FE8D23BDC468827EFA4 /* Pods-PetHouseTests.debug.xcconfig */,
				C6D3919E16747133E208B1FF /* Pods-PetHouseTests.release.xcconfig */,
			);
			path = Pods;
			sourceTree = "<group>";
		};
		CE58C626269B503100DA1CA0 /* Networking */ = {
			isa = PBXGroup;
			children = (
				14868F7A26482202006557E8 /* Models */,
				14364FB82645AF020093F9C9 /* Network.swift */,
				CE58C634269B546F00DA1CA0 /* CoreNetwork.swift */,
			);
			path = Networking;
			sourceTree = "<group>";
		};
		CE58C629269B50F300DA1CA0 /* Presentation */ = {
			isa = PBXGroup;
			children = (
				CE58C62A269B510500DA1CA0 /* News */,
				14364FBC26467BC60093F9C9 /* Main */,
			);
			path = Presentation;
			sourceTree = "<group>";
		};
		CE58C62A269B510500DA1CA0 /* News */ = {
			isa = PBXGroup;
			children = (
				CE58C62B269B511100DA1CA0 /* View */,
				CE58C62C269B511500DA1CA0 /* Model */,
			);
			path = News;
			sourceTree = "<group>";
		};
		CE58C62B269B511100DA1CA0 /* View */ = {
			isa = PBXGroup;
			children = (
				CE81F409269B8EC70086C1F4 /* Cells */,
				CE58C62D269B512600DA1CA0 /* NewsView.swift */,
			);
			path = View;
			sourceTree = "<group>";
		};
		CE58C62C269B511500DA1CA0 /* Model */ = {
			isa = PBXGroup;
			children = (
				CE58C62F269B51C800DA1CA0 /* NewsViewModel.swift */,
			);
			path = Model;
			sourceTree = "<group>";
		};
		CE58C631269B537B00DA1CA0 /* News */ = {
			isa = PBXGroup;
			children = (
				CE58C632269B538A00DA1CA0 /* News.swift */,
			);
			path = News;
			sourceTree = "<group>";
		};
		CE81F402269B5DDD0086C1F4 /* DataProvider */ = {
			isa = PBXGroup;
			children = (
				CE81F403269B5DF60086C1F4 /* NewsDataProvider.swift */,
			);
			path = DataProvider;
			sourceTree = "<group>";
		};
		CE81F405269B6A070086C1F4 /* Base */ = {
			isa = PBXGroup;
			children = (
				CE81F406269B6A0D0086C1F4 /* Extensions */,
			);
			path = Base;
			sourceTree = "<group>";
		};
		CE81F406269B6A0D0086C1F4 /* Extensions */ = {
			isa = PBXGroup;
			children = (
				CE81F407269B6A1F0086C1F4 /* URL+Query.swift */,
				CE81F40E269B90480086C1F4 /* String+URL.swift */,
			);
			path = Extensions;
			sourceTree = "<group>";
		};
		CE81F409269B8EC70086C1F4 /* Cells */ = {
			isa = PBXGroup;
			children = (
				CE81F40C269B8F330086C1F4 /* ArticleCell.swift */,
			);
			path = Cells;
			sourceTree = "<group>";
		};
		CED8C173269B562D00A6297B /* Requests */ = {
			isa = PBXGroup;
			children = (
				CED8C176269B568300A6297B /* RequestProtocol.swift */,
				CED8C174269B566800A6297B /* NewsRequest.swift */,
			);
			path = Requests;
			sourceTree = "<group>";
		};
/* End PBXGroup section */

/* Begin PBXNativeTarget section */
		14364F842645ACFD0093F9C9 /* PetHouse */ = {
			isa = PBXNativeTarget;
			buildConfigurationList = 14364FAF2645AD000093F9C9 /* Build configuration list for PBXNativeTarget "PetHouse" */;
			buildPhases = (
				A5499CA989B7AE0B77A3A738 /* [CP] Check Pods Manifest.lock */,
				14364F812645ACFD0093F9C9 /* Sources */,
				14364F822645ACFD0093F9C9 /* Frameworks */,
				14364F832645ACFD0093F9C9 /* Resources */,
				E801AA39BF60166880B3DDD8 /* [CP] Embed Pods Frameworks */,
				14364FC7264692550093F9C9 /* Update API KEYS */,
			);
			buildRules = (
			);
			dependencies = (
			);
			name = PetHouse;
			productName = PetHouse;
			productReference = 14364F852645ACFD0093F9C9 /* PetHouse.app */;
			productType = "com.apple.product-type.application";
		};
/* End PBXNativeTarget section */

/* Begin PBXProject section */
		14364F7D2645ACFD0093F9C9 /* Project object */ = {
			isa = PBXProject;
			attributes = {
				LastSwiftUpdateCheck = 1250;
				LastUpgradeCheck = 1250;
				TargetAttributes = {
					14364F842645ACFD0093F9C9 = {
						CreatedOnToolsVersion = 12.5;
					};
				};
			};
			buildConfigurationList = 14364F802645ACFD0093F9C9 /* Build configuration list for PBXProject "PetHouse" */;
			compatibilityVersion = "Xcode 9.3";
			developmentRegion = en;
			hasScannedForEncodings = 0;
			knownRegions = (
				en,
				Base,
			);
			mainGroup = 14364F7C2645ACFD0093F9C9;
			productRefGroup = 14364F862645ACFD0093F9C9 /* Products */;
			projectDirPath = "";
			projectRoot = "";
			targets = (
				14364F842645ACFD0093F9C9 /* PetHouse */,
			);
		};
/* End PBXProject section */

/* Begin PBXResourcesBuildPhase section */
		14364F832645ACFD0093F9C9 /* Resources */ = {
			isa = PBXResourcesBuildPhase;
			buildActionMask = 2147483647;
			files = (
				14364F952645AD000093F9C9 /* LaunchScreen.storyboard in Resources */,
				14364FC126468ABE0093F9C9 /* Api.plist in Resources */,
				14364F922645AD000093F9C9 /* Preview Assets.xcassets in Resources */,
				14364F8F2645AD000093F9C9 /* Assets.xcassets in Resources */,
			);
			runOnlyForDeploymentPostprocessing = 0;
		};
/* End PBXResourcesBuildPhase section */

/* Begin PBXShellScriptBuildPhase section */
		14364FC7264692550093F9C9 /* Update API KEYS */ = {
			isa = PBXShellScriptBuildPhase;
			buildActionMask = 2147483647;
			files = (
			);
			inputFileListPaths = (
			);
			inputPaths = (
			);
			name = "Update API KEYS";
			outputFileListPaths = (
			);
			outputPaths = (
			);
			runOnlyForDeploymentPostprocessing = 0;
			shellPath = /bin/sh;
			shellScript = "# Type a script or drag a script file from your workspace to insert its path.\n#!/bin/bash\n\nAPIKEY=$(<apikey)\n\n#plutil -replace news_api_key -string \"From target\" PetHouse/App/Config/Api.plist\n\ncat > PetHouse/App/Config/Api.plist <<EOF\n<?xml version=\"1.0\" encoding=\"UTF-8\"?>\n<!DOCTYPE plist PUBLIC \"-//Apple//DTD PLIST 1.0//EN\" \"http://www.apple.com/DTDs/PropertyList-1.0.dtd\">\n<plist version=\"1.0\">\n<dict>\n    <key>news_api_key</key>\n    <string>$APIKEY</string>\n</dict>\n</plist>\nEOF\n";
		};
		A5499CA989B7AE0B77A3A738 /* [CP] Check Pods Manifest.lock */ = {
			isa = PBXShellScriptBuildPhase;
			buildActionMask = 2147483647;
			files = (
			);
			inputFileListPaths = (
			);
			inputPaths = (
				"${PODS_PODFILE_DIR_PATH}/Podfile.lock",
				"${PODS_ROOT}/Manifest.lock",
			);
			name = "[CP] Check Pods Manifest.lock";
			outputFileListPaths = (
			);
			outputPaths = (
				"$(DERIVED_FILE_DIR)/Pods-PetHouse-checkManifestLockResult.txt",
			);
			runOnlyForDeploymentPostprocessing = 0;
			shellPath = /bin/sh;
			shellScript = "diff \"${PODS_PODFILE_DIR_PATH}/Podfile.lock\" \"${PODS_ROOT}/Manifest.lock\" > /dev/null\nif [ $? != 0 ] ; then\n    # print error to STDERR\n    echo \"error: The sandbox is not in sync with the Podfile.lock. Run 'pod install' or update your CocoaPods installation.\" >&2\n    exit 1\nfi\n# This output is used by Xcode 'outputs' to avoid re-running this script phase.\necho \"SUCCESS\" > \"${SCRIPT_OUTPUT_FILE_0}\"\n";
			showEnvVarsInLog = 0;
		};
		E801AA39BF60166880B3DDD8 /* [CP] Embed Pods Frameworks */ = {
			isa = PBXShellScriptBuildPhase;
			buildActionMask = 2147483647;
			files = (
			);
			inputFileListPaths = (
				"${PODS_ROOT}/Target Support Files/Pods-PetHouse/Pods-PetHouse-frameworks-${CONFIGURATION}-input-files.xcfilelist",
			);
			name = "[CP] Embed Pods Frameworks";
			outputFileListPaths = (
				"${PODS_ROOT}/Target Support Files/Pods-PetHouse/Pods-PetHouse-frameworks-${CONFIGURATION}-output-files.xcfilelist",
			);
			runOnlyForDeploymentPostprocessing = 0;
			shellPath = /bin/sh;
			shellScript = "\"${PODS_ROOT}/Target Support Files/Pods-PetHouse/Pods-PetHouse-frameworks.sh\"\n";
			showEnvVarsInLog = 0;
		};
/* End PBXShellScriptBuildPhase section */

/* Begin PBXSourcesBuildPhase section */
		14364F812645ACFD0093F9C9 /* Sources */ = {
			isa = PBXSourcesBuildPhase;
			buildActionMask = 2147483647;
			files = (
				14868F7C26482235006557E8 /* NewsRequest22.swift in Sources */,
				14364FC626468DF60093F9C9 /* ApiKey.swift in Sources */,
				14364F892645ACFE0093F9C9 /* AppDelegate.swift in Sources */,
				CE58C62E269B512600DA1CA0 /* NewsView.swift in Sources */,
				14868F7E264826DE006557E8 /* Config.swift in Sources */,
				14364F8B2645ACFE0093F9C9 /* SceneDelegate.swift in Sources */,
				CE58C633269B538A00DA1CA0 /* News.swift in Sources */,
				14364FB92645AF020093F9C9 /* Network.swift in Sources */,
				CE81F40F269B90480086C1F4 /* String+URL.swift in Sources */,
				CE58C635269B546F00DA1CA0 /* CoreNetwork.swift in Sources */,
				CE58C630269B51C800DA1CA0 /* NewsViewModel.swift in Sources */,
				14364F8D2645ACFE0093F9C9 /* MainView.swift in Sources */,
				CE81F408269B6A1F0086C1F4 /* URL+Query.swift in Sources */,
				CE81F40D269B8F330086C1F4 /* ArticleCell.swift in Sources */,
				CED8C175269B566800A6297B /* NewsRequest.swift in Sources */,
				CE81F404269B5DF60086C1F4 /* NewsDataProvider.swift in Sources */,
				CE58C628269B507000DA1CA0 /* MainViewModel.swift in Sources */,
				CED8C177269B568300A6297B /* RequestProtocol.swift in Sources */,
			);
			runOnlyForDeploymentPostprocessing = 0;
		};
/* End PBXSourcesBuildPhase section */

/* Begin PBXVariantGroup section */
		14364F932645AD000093F9C9 /* LaunchScreen.storyboard */ = {
			isa = PBXVariantGroup;
			children = (
				14364F942645AD000093F9C9 /* Base */,
			);
			name = LaunchScreen.storyboard;
			sourceTree = "<group>";
		};
/* End PBXVariantGroup section */

/* Begin XCBuildConfiguration section */
		14364FAD2645AD000093F9C9 /* Debug */ = {
			isa = XCBuildConfiguration;
			buildSettings = {
				ALWAYS_SEARCH_USER_PATHS = NO;
				CLANG_ANALYZER_NONNULL = YES;
				CLANG_ANALYZER_NUMBER_OBJECT_CONVERSION = YES_AGGRESSIVE;
				CLANG_CXX_LANGUAGE_STANDARD = "gnu++14";
				CLANG_CXX_LIBRARY = "libc++";
				CLANG_ENABLE_MODULES = YES;
				CLANG_ENABLE_OBJC_ARC = YES;
				CLANG_ENABLE_OBJC_WEAK = YES;
				CLANG_WARN_BLOCK_CAPTURE_AUTORELEASING = YES;
				CLANG_WARN_BOOL_CONVERSION = YES;
				CLANG_WARN_COMMA = YES;
				CLANG_WARN_CONSTANT_CONVERSION = YES;
				CLANG_WARN_DEPRECATED_OBJC_IMPLEMENTATIONS = YES;
				CLANG_WARN_DIRECT_OBJC_ISA_USAGE = YES_ERROR;
				CLANG_WARN_DOCUMENTATION_COMMENTS = YES;
				CLANG_WARN_EMPTY_BODY = YES;
				CLANG_WARN_ENUM_CONVERSION = YES;
				CLANG_WARN_INFINITE_RECURSION = YES;
				CLANG_WARN_INT_CONVERSION = YES;
				CLANG_WARN_NON_LITERAL_NULL_CONVERSION = YES;
				CLANG_WARN_OBJC_IMPLICIT_RETAIN_SELF = YES;
				CLANG_WARN_OBJC_LITERAL_CONVERSION = YES;
				CLANG_WARN_OBJC_ROOT_CLASS = YES_ERROR;
				CLANG_WARN_QUOTED_INCLUDE_IN_FRAMEWORK_HEADER = YES;
				CLANG_WARN_RANGE_LOOP_ANALYSIS = YES;
				CLANG_WARN_STRICT_PROTOTYPES = YES;
				CLANG_WARN_SUSPICIOUS_MOVE = YES;
				CLANG_WARN_UNGUARDED_AVAILABILITY = YES_AGGRESSIVE;
				CLANG_WARN_UNREACHABLE_CODE = YES;
				CLANG_WARN__DUPLICATE_METHOD_MATCH = YES;
				COPY_PHASE_STRIP = NO;
				DEBUG_INFORMATION_FORMAT = dwarf;
				ENABLE_STRICT_OBJC_MSGSEND = YES;
				ENABLE_TESTABILITY = YES;
				GCC_C_LANGUAGE_STANDARD = gnu11;
				GCC_DYNAMIC_NO_PIC = NO;
				GCC_NO_COMMON_BLOCKS = YES;
				GCC_OPTIMIZATION_LEVEL = 0;
				GCC_PREPROCESSOR_DEFINITIONS = (
					"DEBUG=1",
					"$(inherited)",
				);
				GCC_WARN_64_TO_32_BIT_CONVERSION = YES;
				GCC_WARN_ABOUT_RETURN_TYPE = YES_ERROR;
				GCC_WARN_UNDECLARED_SELECTOR = YES;
				GCC_WARN_UNINITIALIZED_AUTOS = YES_AGGRESSIVE;
				GCC_WARN_UNUSED_FUNCTION = YES;
				GCC_WARN_UNUSED_VARIABLE = YES;
				IPHONEOS_DEPLOYMENT_TARGET = 14.5;
				MTL_ENABLE_DEBUG_INFO = INCLUDE_SOURCE;
				MTL_FAST_MATH = YES;
				ONLY_ACTIVE_ARCH = YES;
				SDKROOT = iphoneos;
				SWIFT_ACTIVE_COMPILATION_CONDITIONS = DEBUG;
				SWIFT_OPTIMIZATION_LEVEL = "-Onone";
			};
			name = Debug;
		};
		14364FAE2645AD000093F9C9 /* Release */ = {
			isa = XCBuildConfiguration;
			buildSettings = {
				ALWAYS_SEARCH_USER_PATHS = NO;
				CLANG_ANALYZER_NONNULL = YES;
				CLANG_ANALYZER_NUMBER_OBJECT_CONVERSION = YES_AGGRESSIVE;
				CLANG_CXX_LANGUAGE_STANDARD = "gnu++14";
				CLANG_CXX_LIBRARY = "libc++";
				CLANG_ENABLE_MODULES = YES;
				CLANG_ENABLE_OBJC_ARC = YES;
				CLANG_ENABLE_OBJC_WEAK = YES;
				CLANG_WARN_BLOCK_CAPTURE_AUTORELEASING = YES;
				CLANG_WARN_BOOL_CONVERSION = YES;
				CLANG_WARN_COMMA = YES;
				CLANG_WARN_CONSTANT_CONVERSION = YES;
				CLANG_WARN_DEPRECATED_OBJC_IMPLEMENTATIONS = YES;
				CLANG_WARN_DIRECT_OBJC_ISA_USAGE = YES_ERROR;
				CLANG_WARN_DOCUMENTATION_COMMENTS = YES;
				CLANG_WARN_EMPTY_BODY = YES;
				CLANG_WARN_ENUM_CONVERSION = YES;
				CLANG_WARN_INFINITE_RECURSION = YES;
				CLANG_WARN_INT_CONVERSION = YES;
				CLANG_WARN_NON_LITERAL_NULL_CONVERSION = YES;
				CLANG_WARN_OBJC_IMPLICIT_RETAIN_SELF = YES;
				CLANG_WARN_OBJC_LITERAL_CONVERSION = YES;
				CLANG_WARN_OBJC_ROOT_CLASS = YES_ERROR;
				CLANG_WARN_QUOTED_INCLUDE_IN_FRAMEWORK_HEADER = YES;
				CLANG_WARN_RANGE_LOOP_ANALYSIS = YES;
				CLANG_WARN_STRICT_PROTOTYPES = YES;
				CLANG_WARN_SUSPICIOUS_MOVE = YES;
				CLANG_WARN_UNGUARDED_AVAILABILITY = YES_AGGRESSIVE;
				CLANG_WARN_UNREACHABLE_CODE = YES;
				CLANG_WARN__DUPLICATE_METHOD_MATCH = YES;
				COPY_PHASE_STRIP = NO;
				DEBUG_INFORMATION_FORMAT = "dwarf-with-dsym";
				ENABLE_NS_ASSERTIONS = NO;
				ENABLE_STRICT_OBJC_MSGSEND = YES;
				GCC_C_LANGUAGE_STANDARD = gnu11;
				GCC_NO_COMMON_BLOCKS = YES;
				GCC_WARN_64_TO_32_BIT_CONVERSION = YES;
				GCC_WARN_ABOUT_RETURN_TYPE = YES_ERROR;
				GCC_WARN_UNDECLARED_SELECTOR = YES;
				GCC_WARN_UNINITIALIZED_AUTOS = YES_AGGRESSIVE;
				GCC_WARN_UNUSED_FUNCTION = YES;
				GCC_WARN_UNUSED_VARIABLE = YES;
				IPHONEOS_DEPLOYMENT_TARGET = 14.5;
				MTL_ENABLE_DEBUG_INFO = NO;
				MTL_FAST_MATH = YES;
				SDKROOT = iphoneos;
				SWIFT_COMPILATION_MODE = wholemodule;
				SWIFT_OPTIMIZATION_LEVEL = "-O";
				VALIDATE_PRODUCT = YES;
			};
			name = Release;
		};
		14364FB02645AD000093F9C9 /* Debug */ = {
			isa = XCBuildConfiguration;
			baseConfigurationReference = 23237066B2D342C8E9BFAF5A /* Pods-PetHouse.debug.xcconfig */;
			buildSettings = {
				ASSETCATALOG_COMPILER_APPICON_NAME = AppIcon;
				ASSETCATALOG_COMPILER_GLOBAL_ACCENT_COLOR_NAME = AccentColor;
				CODE_SIGN_IDENTITY = "Apple Development";
				CODE_SIGN_STYLE = Automatic;
				DEVELOPMENT_ASSET_PATHS = "\"PetHouse/App/Resources/Preview Content\"";
				DEVELOPMENT_TEAM = "";
				ENABLE_PREVIEWS = YES;
				GCC_OPTIMIZATION_LEVEL = 0;
				INFOPLIST_FILE = PetHouse/App/Config/Info.plist;
				LD_RUNPATH_SEARCH_PATHS = (
					"$(inherited)",
					"@executable_path/Frameworks",
				);
				PRODUCT_BUNDLE_IDENTIFIER = vlad.PetHouse;
				PRODUCT_NAME = "$(TARGET_NAME)";
				PROVISIONING_PROFILE_SPECIFIER = "";
				SWIFT_VERSION = 5.0;
				TARGETED_DEVICE_FAMILY = "1,2";
			};
			name = Debug;
		};
		14364FB12645AD000093F9C9 /* Release */ = {
			isa = XCBuildConfiguration;
			baseConfigurationReference = 62165E957294C12BBA7186A5 /* Pods-PetHouse.release.xcconfig */;
			buildSettings = {
				ASSETCATALOG_COMPILER_APPICON_NAME = AppIcon;
				ASSETCATALOG_COMPILER_GLOBAL_ACCENT_COLOR_NAME = AccentColor;
				CODE_SIGN_IDENTITY = "Apple Development";
				CODE_SIGN_STYLE = Automatic;
				DEVELOPMENT_ASSET_PATHS = "\"PetHouse/App/Resources/Preview Content\"";
				DEVELOPMENT_TEAM = "";
				ENABLE_PREVIEWS = YES;
				GCC_OPTIMIZATION_LEVEL = 0;
				INFOPLIST_FILE = PetHouse/App/Config/Info.plist;
				LD_RUNPATH_SEARCH_PATHS = (
					"$(inherited)",
					"@executable_path/Frameworks",
				);
				PRODUCT_BUNDLE_IDENTIFIER = vlad.PetHouse;
				PRODUCT_NAME = "$(TARGET_NAME)";
				PROVISIONING_PROFILE_SPECIFIER = "";
				SWIFT_VERSION = 5.0;
				TARGETED_DEVICE_FAMILY = "1,2";
			};
			name = Release;
		};
/* End XCBuildConfiguration section */

/* Begin XCConfigurationList section */
		14364F802645ACFD0093F9C9 /* Build configuration list for PBXProject "PetHouse" */ = {
			isa = XCConfigurationList;
			buildConfigurations = (
				14364FAD2645AD000093F9C9 /* Debug */,
				14364FAE2645AD000093F9C9 /* Release */,
			);
			defaultConfigurationIsVisible = 0;
			defaultConfigurationName = Release;
		};
		14364FAF2645AD000093F9C9 /* Build configuration list for PBXNativeTarget "PetHouse" */ = {
			isa = XCConfigurationList;
			buildConfigurations = (
				14364FB02645AD000093F9C9 /* Debug */,
				14364FB12645AD000093F9C9 /* Release */,
			);
			defaultConfigurationIsVisible = 0;
			defaultConfigurationName = Release;
		};
/* End XCConfigurationList section */
	};
	rootObject = 14364F7D2645ACFD0093F9C9 /* Project object */;
}
